
Microsoft Visual Studio Solution File, Format Version 12.00
# Visual Studio Version 17
VisualStudioVersion = 17.4.33205.214
MinimumVisualStudioVersion = 10.0.40219.1
Project("{2150E333-8FDC-42A3-9474-1A3956D46DE8}") = "src", "src", "{2E7089D2-E11A-4411-BDEF-5C77A609DBC4}"
EndProject
Project("{2150E333-8FDC-42A3-9474-1A3956D46DE8}") = "Solution Items", "Solution Items", "{341582FB-A9F3-4146-AC4F-EC1D4DCC8593}"
	ProjectSection(SolutionItems) = preProject
		ServiceUrls.txt = ServiceUrls.txt
	EndProjectSection
EndProject
Project("{2150E333-8FDC-42A3-9474-1A3956D46DE8}") = "ApiGateways", "ApiGateways", "{02883441-8905-4291-A3DA-56E9A9FE71AB}"
EndProject
Project("{2150E333-8FDC-42A3-9474-1A3956D46DE8}") = "BuildingBlocks", "BuildingBlocks", "{FB6BFD0A-E549-413A-A2DB-6D14045B1716}"
EndProject
Project("{2150E333-8FDC-42A3-9474-1A3956D46DE8}") = "Clients", "Clients", "{9F8CDCEB-3747-4A5B-9D84-1191CD1192B7}"
EndProject
Project("{2150E333-8FDC-42A3-9474-1A3956D46DE8}") = "Services", "Services", "{85387B9D-1639-423D-8157-DEC1934B7883}"
EndProject
Project("{2150E333-8FDC-42A3-9474-1A3956D46DE8}") = "WebApiGateway", "WebApiGateway", "{BDB1E424-CCC2-40F3-9323-5BF8522A1B97}"
EndProject
Project("{FAE04EC0-301F-11D3-BF4B-00C04F79EFBC}") = "Web.APIGateway", "src\ApiGateways\WebApiGateway\Web.APIGateway\Web.APIGateway.csproj", "{128CCEFB-6753-4F2E-9417-9287EA36EAC9}"
EndProject
Project("{2150E333-8FDC-42A3-9474-1A3956D46DE8}") = "EventBus", "EventBus", "{95CC8440-CD35-4F79-B1ED-32BD622E6CF0}"
EndProject
Project("{FAE04EC0-301F-11D3-BF4B-00C04F79EFBC}") = "EventBus.Base", "src\BuildingBlocks\EventBus\EventBus.Base\EventBus.Base.csproj", "{B77C1729-A464-4A16-8B87-AF4CFEA5AE42}"
EndProject
Project("{FAE04EC0-301F-11D3-BF4B-00C04F79EFBC}") = "EventBus.Factory", "src\BuildingBlocks\EventBus\EventBus.Factory\EventBus.Factory.csproj", "{CDBC9A55-F117-4366-A156-C1909FE8D37D}"
EndProject
Project("{FAE04EC0-301F-11D3-BF4B-00C04F79EFBC}") = "EventBus.AzureServiceBus", "src\BuildingBlocks\EventBus\EventBus.AzureServiceBus\EventBus.AzureServiceBus.csproj", "{DE1CF280-B34B-48B0-98A2-D2D04CD844D5}"
EndProject
Project("{FAE04EC0-301F-11D3-BF4B-00C04F79EFBC}") = "EventBus.RabbitMQ", "src\BuildingBlocks\EventBus\EventBus.RabbitMQ\EventBus.RabbitMQ.csproj", "{5DA7512A-4012-48FC-A945-6CA2B7638830}"
EndProject
Project("{2150E333-8FDC-42A3-9474-1A3956D46DE8}") = "BlazorWebApp", "BlazorWebApp", "{910E35BC-7482-41D2-AA31-F2D35022BA8D}"
EndProject
Project("{FAE04EC0-301F-11D3-BF4B-00C04F79EFBC}") = "WebApp", "src\Clients\BlazorWebApp\WebApp\WebApp.csproj", "{69B657F4-1338-4553-8C0B-779FAF06EB66}"
EndProject
Project("{2150E333-8FDC-42A3-9474-1A3956D46DE8}") = "BasketService", "BasketService", "{8638815B-F0C1-438C-B2C9-9657455065A3}"
EndProject
Project("{2150E333-8FDC-42A3-9474-1A3956D46DE8}") = "CatalogService", "CatalogService", "{2C783619-60C0-434D-B2EA-A5D628C67105}"
EndProject
Project("{2150E333-8FDC-42A3-9474-1A3956D46DE8}") = "IdentityService", "IdentityService", "{55843B1A-062A-41F2-9D73-9A972AD57513}"
EndProject
Project("{2150E333-8FDC-42A3-9474-1A3956D46DE8}") = "NotificationService", "NotificationService", "{3B080A68-309D-4CE9-89A2-304A63229475}"
EndProject
Project("{2150E333-8FDC-42A3-9474-1A3956D46DE8}") = "OrderService", "OrderService", "{AC5DA7AA-91FC-4569-8EEA-E4DFB317D45C}"
EndProject
Project("{2150E333-8FDC-42A3-9474-1A3956D46DE8}") = "PaymentService", "PaymentService", "{4C675DA7-D7A7-4936-9B40-DA05467DB505}"
EndProject
Project("{FAE04EC0-301F-11D3-BF4B-00C04F79EFBC}") = "BasketService.Api", "src\Services\BasketService\BasketService.Api\BasketService.Api.csproj", "{C9CB463F-5F31-43D1-A545-A3332273BC35}"
EndProject
Project("{FAE04EC0-301F-11D3-BF4B-00C04F79EFBC}") = "CatalogService.Api", "src\Services\CatalogService\CatalogService.Api\CatalogService.Api.csproj", "{D616D96F-1099-4563-A2FE-79BA74F52879}"
EndProject
Project("{FAE04EC0-301F-11D3-BF4B-00C04F79EFBC}") = "IdentityService.Api", "src\Services\IdentityService\IdentityService.Api\IdentityService.Api.csproj", "{7F3478EB-B73D-4CD4-A714-CDB4C7A98310}"
EndProject
Project("{FAE04EC0-301F-11D3-BF4B-00C04F79EFBC}") = "NotificationService", "src\Services\NotificationService\NotificationService\NotificationService.csproj", "{8C4D0AE8-1311-4F5C-BC2B-CD6C7264BDD4}"
EndProject
Project("{FAE04EC0-301F-11D3-BF4B-00C04F79EFBC}") = "OrderService.Domain", "src\Services\OrderService\OrderService.Domain\OrderService.Domain.csproj", "{AA147F23-A553-406B-A041-5BD918B0E19E}"
EndProject
Project("{FAE04EC0-301F-11D3-BF4B-00C04F79EFBC}") = "OrderService.Application", "src\Services\OrderService\OrderService.Application\OrderService.Application.csproj", "{FFB0C587-E975-4871-9E40-033D36CDDD9C}"
EndProject
Project("{FAE04EC0-301F-11D3-BF4B-00C04F79EFBC}") = "OrderService.Infrastructure", "src\Services\OrderService\OrderService.Infrastructure\OrderService.Infrastructure.csproj", "{7A68A6AC-17C1-4FB4-AA9B-A6AE712ECB18}"
EndProject
Project("{FAE04EC0-301F-11D3-BF4B-00C04F79EFBC}") = "OrderService.Api", "src\Services\OrderService\OrderService.Api\OrderService.Api.csproj", "{5CBD1A4B-302D-4E40-AC92-A975EDFC4503}"
EndProject
Project("{FAE04EC0-301F-11D3-BF4B-00C04F79EFBC}") = "PaymentService.Api", "src\Services\PaymentService\PaymentService.Api\PaymentService.Api.csproj", "{3396FB48-79BA-4440-975A-05C2945AE64B}"
EndProject
Global
	GlobalSection(SolutionConfigurationPlatforms) = preSolution
		Debug|Any CPU = Debug|Any CPU
		Release|Any CPU = Release|Any CPU
	EndGlobalSection
	GlobalSection(ProjectConfigurationPlatforms) = postSolution
		{128CCEFB-6753-4F2E-9417-9287EA36EAC9}.Debug|Any CPU.ActiveCfg = Debug|Any CPU
		{128CCEFB-6753-4F2E-9417-9287EA36EAC9}.Debug|Any CPU.Build.0 = Debug|Any CPU
		{128CCEFB-6753-4F2E-9417-9287EA36EAC9}.Release|Any CPU.ActiveCfg = Release|Any CPU
		{128CCEFB-6753-4F2E-9417-9287EA36EAC9}.Release|Any CPU.Build.0 = Release|Any CPU
		{B77C1729-A464-4A16-8B87-AF4CFEA5AE42}.Debug|Any CPU.ActiveCfg = Debug|Any CPU
		{B77C1729-A464-4A16-8B87-AF4CFEA5AE42}.Debug|Any CPU.Build.0 = Debug|Any CPU
		{B77C1729-A464-4A16-8B87-AF4CFEA5AE42}.Release|Any CPU.ActiveCfg = Release|Any CPU
		{B77C1729-A464-4A16-8B87-AF4CFEA5AE42}.Release|Any CPU.Build.0 = Release|Any CPU
		{CDBC9A55-F117-4366-A156-C1909FE8D37D}.Debug|Any CPU.ActiveCfg = Debug|Any CPU
		{CDBC9A55-F117-4366-A156-C1909FE8D37D}.Debug|Any CPU.Build.0 = Debug|Any CPU
		{CDBC9A55-F117-4366-A156-C1909FE8D37D}.Release|Any CPU.ActiveCfg = Release|Any CPU
		{CDBC9A55-F117-4366-A156-C1909FE8D37D}.Release|Any CPU.Build.0 = Release|Any CPU
		{DE1CF280-B34B-48B0-98A2-D2D04CD844D5}.Debug|Any CPU.ActiveCfg = Debug|Any CPU
		{DE1CF280-B34B-48B0-98A2-D2D04CD844D5}.Debug|Any CPU.Build.0 = Debug|Any CPU
		{DE1CF280-B34B-48B0-98A2-D2D04CD844D5}.Release|Any CPU.ActiveCfg = Release|Any CPU
		{DE1CF280-B34B-48B0-98A2-D2D04CD844D5}.Release|Any CPU.Build.0 = Release|Any CPU
		{5DA7512A-4012-48FC-A945-6CA2B7638830}.Debug|Any CPU.ActiveCfg = Debug|Any CPU
		{5DA7512A-4012-48FC-A945-6CA2B7638830}.Debug|Any CPU.Build.0 = Debug|Any CPU
		{5DA7512A-4012-48FC-A945-6CA2B7638830}.Release|Any CPU.ActiveCfg = Release|Any CPU
		{5DA7512A-4012-48FC-A945-6CA2B7638830}.Release|Any CPU.Build.0 = Release|Any CPU
		{69B657F4-1338-4553-8C0B-779FAF06EB66}.Debug|Any CPU.ActiveCfg = Debug|Any CPU
		{69B657F4-1338-4553-8C0B-779FAF06EB66}.Debug|Any CPU.Build.0 = Debug|Any CPU
		{69B657F4-1338-4553-8C0B-779FAF06EB66}.Release|Any CPU.ActiveCfg = Release|Any CPU
		{69B657F4-1338-4553-8C0B-779FAF06EB66}.Release|Any CPU.Build.0 = Release|Any CPU
		{C9CB463F-5F31-43D1-A545-A3332273BC35}.Debug|Any CPU.ActiveCfg = Debug|Any CPU
		{C9CB463F-5F31-43D1-A545-A3332273BC35}.Debug|Any CPU.Build.0 = Debug|Any CPU
		{C9CB463F-5F31-43D1-A545-A3332273BC35}.Release|Any CPU.ActiveCfg = Release|Any CPU
		{C9CB463F-5F31-43D1-A545-A3332273BC35}.Release|Any CPU.Build.0 = Release|Any CPU
		{D616D96F-1099-4563-A2FE-79BA74F52879}.Debug|Any CPU.ActiveCfg = Debug|Any CPU
		{D616D96F-1099-4563-A2FE-79BA74F52879}.Debug|Any CPU.Build.0 = Debug|Any CPU
		{D616D96F-1099-4563-A2FE-79BA74F52879}.Release|Any CPU.ActiveCfg = Release|Any CPU
		{D616D96F-1099-4563-A2FE-79BA74F52879}.Release|Any CPU.Build.0 = Release|Any CPU
		{7F3478EB-B73D-4CD4-A714-CDB4C7A98310}.Debug|Any CPU.ActiveCfg = Debug|Any CPU
		{7F3478EB-B73D-4CD4-A714-CDB4C7A98310}.Debug|Any CPU.Build.0 = Debug|Any CPU
		{7F3478EB-B73D-4CD4-A714-CDB4C7A98310}.Release|Any CPU.ActiveCfg = Release|Any CPU
		{7F3478EB-B73D-4CD4-A714-CDB4C7A98310}.Release|Any CPU.Build.0 = Release|Any CPU
		{8C4D0AE8-1311-4F5C-BC2B-CD6C7264BDD4}.Debug|Any CPU.ActiveCfg = Debug|Any CPU
		{8C4D0AE8-1311-4F5C-BC2B-CD6C7264BDD4}.Debug|Any CPU.Build.0 = Debug|Any CPU
		{8C4D0AE8-1311-4F5C-BC2B-CD6C7264BDD4}.Release|Any CPU.ActiveCfg = Release|Any CPU
		{8C4D0AE8-1311-4F5C-BC2B-CD6C7264BDD4}.Release|Any CPU.Build.0 = Release|Any CPU
		{AA147F23-A553-406B-A041-5BD918B0E19E}.Debug|Any CPU.ActiveCfg = Debug|Any CPU
		{AA147F23-A553-406B-A041-5BD918B0E19E}.Debug|Any CPU.Build.0 = Debug|Any CPU
		{AA147F23-A553-406B-A041-5BD918B0E19E}.Release|Any CPU.ActiveCfg = Release|Any CPU
		{AA147F23-A553-406B-A041-5BD918B0E19E}.Release|Any CPU.Build.0 = Release|Any CPU
		{FFB0C587-E975-4871-9E40-033D36CDDD9C}.Debug|Any CPU.ActiveCfg = Debug|Any CPU
		{FFB0C587-E975-4871-9E40-033D36CDDD9C}.Debug|Any CPU.Build.0 = Debug|Any CPU
		{FFB0C587-E975-4871-9E40-033D36CDDD9C}.Release|Any CPU.ActiveCfg = Release|Any CPU
		{FFB0C587-E975-4871-9E40-033D36CDDD9C}.Release|Any CPU.Build.0 = Release|Any CPU
		{7A68A6AC-17C1-4FB4-AA9B-A6AE712ECB18}.Debug|Any CPU.ActiveCfg = Debug|Any CPU
		{7A68A6AC-17C1-4FB4-AA9B-A6AE712ECB18}.Debug|Any CPU.Build.0 = Debug|Any CPU
		{7A68A6AC-17C1-4FB4-AA9B-A6AE712ECB18}.Release|Any CPU.ActiveCfg = Release|Any CPU
		{7A68A6AC-17C1-4FB4-AA9B-A6AE712ECB18}.Release|Any CPU.Build.0 = Release|Any CPU
		{5CBD1A4B-302D-4E40-AC92-A975EDFC4503}.Debug|Any CPU.ActiveCfg = Debug|Any CPU
		{5CBD1A4B-302D-4E40-AC92-A975EDFC4503}.Debug|Any CPU.Build.0 = Debug|Any CPU
		{5CBD1A4B-302D-4E40-AC92-A975EDFC4503}.Release|Any CPU.ActiveCfg = Release|Any CPU
		{5CBD1A4B-302D-4E40-AC92-A975EDFC4503}.Release|Any CPU.Build.0 = Release|Any CPU
		{3396FB48-79BA-4440-975A-05C2945AE64B}.Debug|Any CPU.ActiveCfg = Debug|Any CPU
		{3396FB48-79BA-4440-975A-05C2945AE64B}.Debug|Any CPU.Build.0 = Debug|Any CPU
		{3396FB48-79BA-4440-975A-05C2945AE64B}.Release|Any CPU.ActiveCfg = Release|Any CPU
		{3396FB48-79BA-4440-975A-05C2945AE64B}.Release|Any CPU.Build.0 = Release|Any CPU
	EndGlobalSection
	GlobalSection(SolutionProperties) = preSolution
		HideSolutionNode = FALSE
	EndGlobalSection
	GlobalSection(NestedProjects) = preSolution
		{02883441-8905-4291-A3DA-56E9A9FE71AB} = {2E7089D2-E11A-4411-BDEF-5C77A609DBC4}
		{FB6BFD0A-E549-413A-A2DB-6D14045B1716} = {2E7089D2-E11A-4411-BDEF-5C77A609DBC4}
		{9F8CDCEB-3747-4A5B-9D84-1191CD1192B7} = {2E7089D2-E11A-4411-BDEF-5C77A609DBC4}
		{85387B9D-1639-423D-8157-DEC1934B7883} = {2E7089D2-E11A-4411-BDEF-5C77A609DBC4}
		{BDB1E424-CCC2-40F3-9323-5BF8522A1B97} = {02883441-8905-4291-A3DA-56E9A9FE71AB}
		{128CCEFB-6753-4F2E-9417-9287EA36EAC9} = {BDB1E424-CCC2-40F3-9323-5BF8522A1B97}
		{95CC8440-CD35-4F79-B1ED-32BD622E6CF0} = {FB6BFD0A-E549-413A-A2DB-6D14045B1716}
		{B77C1729-A464-4A16-8B87-AF4CFEA5AE42} = {95CC8440-CD35-4F79-B1ED-32BD622E6CF0}
		{CDBC9A55-F117-4366-A156-C1909FE8D37D} = {95CC8440-CD35-4F79-B1ED-32BD622E6CF0}
		{DE1CF280-B34B-48B0-98A2-D2D04CD844D5} = {95CC8440-CD35-4F79-B1ED-32BD622E6CF0}
		{5DA7512A-4012-48FC-A945-6CA2B7638830} = {95CC8440-CD35-4F79-B1ED-32BD622E6CF0}
		{910E35BC-7482-41D2-AA31-F2D35022BA8D} = {9F8CDCEB-3747-4A5B-9D84-1191CD1192B7}
		{69B657F4-1338-4553-8C0B-779FAF06EB66} = {910E35BC-7482-41D2-AA31-F2D35022BA8D}
		{8638815B-F0C1-438C-B2C9-9657455065A3} = {85387B9D-1639-423D-8157-DEC1934B7883}
		{2C783619-60C0-434D-B2EA-A5D628C67105} = {85387B9D-1639-423D-8157-DEC1934B7883}
		{55843B1A-062A-41F2-9D73-9A972AD57513} = {85387B9D-1639-423D-8157-DEC1934B7883}
		{3B080A68-309D-4CE9-89A2-304A63229475} = {85387B9D-1639-423D-8157-DEC1934B7883}
		{AC5DA7AA-91FC-4569-8EEA-E4DFB317D45C} = {85387B9D-1639-423D-8157-DEC1934B7883}
		{4C675DA7-D7A7-4936-9B40-DA05467DB505} = {85387B9D-1639-423D-8157-DEC1934B7883}
		{C9CB463F-5F31-43D1-A545-A3332273BC35} = {8638815B-F0C1-438C-B2C9-9657455065A3}
		{D616D96F-1099-4563-A2FE-79BA74F52879} = {2C783619-60C0-434D-B2EA-A5D628C67105}
		{7F3478EB-B73D-4CD4-A714-CDB4C7A98310} = {55843B1A-062A-41F2-9D73-9A972AD57513}
		{8C4D0AE8-1311-4F5C-BC2B-CD6C7264BDD4} = {3B080A68-309D-4CE9-89A2-304A63229475}
		{AA147F23-A553-406B-A041-5BD918B0E19E} = {AC5DA7AA-91FC-4569-8EEA-E4DFB317D45C}
		{FFB0C587-E975-4871-9E40-033D36CDDD9C} = {AC5DA7AA-91FC-4569-8EEA-E4DFB317D45C}
		{7A68A6AC-17C1-4FB4-AA9B-A6AE712ECB18} = {AC5DA7AA-91FC-4569-8EEA-E4DFB317D45C}
		{5CBD1A4B-302D-4E40-AC92-A975EDFC4503} = {AC5DA7AA-91FC-4569-8EEA-E4DFB317D45C}
		{3396FB48-79BA-4440-975A-05C2945AE64B} = {4C675DA7-D7A7-4936-9B40-DA05467DB505}
	EndGlobalSection
	GlobalSection(ExtensibilityGlobals) = postSolution
		SolutionGuid = {5A3D0526-4906-4299-AC9D-610CEC3EF083}
	EndGlobalSection
EndGlobal
